
Microsoft Visual Studio Solution File, Format Version 12.00
# Visual Studio Version 16
VisualStudioVersion = 16.0.29613.14
MinimumVisualStudioVersion = 10.0.40219.1
Project("{FAE04EC0-301F-11D3-BF4B-00C04F79EFBC}") = "ContactManager", "ContactManager.csproj", "{B087DF72-0B0F-4546-A605-1AA0F54E9028}"
EndProject
Global
	GlobalSection(SolutionConfigurationPlatforms) = preSolution
		Debug|Any CPU = Debug|Any CPU
		Release|Any CPU = Release|Any CPU
	EndGlobalSection
	GlobalSection(ProjectConfigurationPlatforms) = postSolution
		{B087DF72-0B0F-4546-A605-1AA0F54E9028}.Debug|Any CPU.ActiveCfg = Debug|Any CPU
		{B087DF72-0B0F-4546-A605-1AA0F54E9028}.Debug|Any CPU.Build.0 = Debug|Any CPU
		{B087DF72-0B0F-4546-A605-1AA0F54E9028}.Release|Any CPU.ActiveCfg = Release|Any CPU
		{B087DF72-0B0F-4546-A605-1AA0F54E9028}.Release|Any CPU.Build.0 = Release|Any CPU
	EndGlobalSection
	GlobalSection(SolutionProperties) = preSolution
		HideSolutionNode = FALSE
	EndGlobalSection
	GlobalSection(ExtensibilityGlobals) = postSolution
		SolutionGuid = {05A1298D-DB70-4445-938A-8D6A4A6205CD}
	EndGlobalSection
EndGlobal
